
Microsoft Visual Studio Solution File, Format Version 12.00
# Visual Studio Version 17
VisualStudioVersion = 17.0.31912.275
MinimumVisualStudioVersion = 10.0.40219.1
Project("{9A19103F-16F7-4668-BE54-9A1E7A4F7556}") = "PageObjects", "PageObjects\PageObjects.csproj", "{36969A37-9CC2-46A8-A936-DECFF8097589}"
EndProject
Project("{9A19103F-16F7-4668-BE54-9A1E7A4F7556}") = "Tests", "Tests\Tests.csproj", "{2B611E0C-21E2-4B54-BB84-ACA3BD2C32BB}"
EndProject
Project("{9A19103F-16F7-4668-BE54-9A1E7A4F7556}") = "Locales", "TestData\Locales.csproj", "{8E85207D-68ED-4FAF-AF23-C0CBB0C79AF9}"
EndProject
Global
	GlobalSection(SolutionConfigurationPlatforms) = preSolution
		Debug|Any CPU = Debug|Any CPU
		Release|Any CPU = Release|Any CPU
	EndGlobalSection
	GlobalSection(ProjectConfigurationPlatforms) = postSolution
		{36969A37-9CC2-46A8-A936-DECFF8097589}.Debug|Any CPU.ActiveCfg = Debug|Any CPU
		{36969A37-9CC2-46A8-A936-DECFF8097589}.Debug|Any CPU.Build.0 = Debug|Any CPU
		{36969A37-9CC2-46A8-A936-DECFF8097589}.Release|Any CPU.ActiveCfg = Release|Any CPU
		{36969A37-9CC2-46A8-A936-DECFF8097589}.Release|Any CPU.Build.0 = Release|Any CPU
		{2B611E0C-21E2-4B54-BB84-ACA3BD2C32BB}.Debug|Any CPU.ActiveCfg = Debug|Any CPU
		{2B611E0C-21E2-4B54-BB84-ACA3BD2C32BB}.Debug|Any CPU.Build.0 = Debug|Any CPU
		{2B611E0C-21E2-4B54-BB84-ACA3BD2C32BB}.Release|Any CPU.ActiveCfg = Release|Any CPU
		{2B611E0C-21E2-4B54-BB84-ACA3BD2C32BB}.Release|Any CPU.Build.0 = Release|Any CPU
		{8E85207D-68ED-4FAF-AF23-C0CBB0C79AF9}.Debug|Any CPU.ActiveCfg = Debug|Any CPU
		{8E85207D-68ED-4FAF-AF23-C0CBB0C79AF9}.Debug|Any CPU.Build.0 = Debug|Any CPU
		{8E85207D-68ED-4FAF-AF23-C0CBB0C79AF9}.Release|Any CPU.ActiveCfg = Release|Any CPU
		{8E85207D-68ED-4FAF-AF23-C0CBB0C79AF9}.Release|Any CPU.Build.0 = Release|Any CPU
	EndGlobalSection
	GlobalSection(SolutionProperties) = preSolution
		HideSolutionNode = FALSE
	EndGlobalSection
	GlobalSection(ExtensibilityGlobals) = postSolution
		SolutionGuid = {2ED32FAD-C3D9-4A9B-AC82-D9417B944095}
	EndGlobalSection
EndGlobal
